
Microsoft Visual Studio Solution File, Format Version 12.00
# Visual Studio Version 16
VisualStudioVersion = 16.0.29728.190
MinimumVisualStudioVersion = 10.0.40219.1
Project("{9A19103F-16F7-4668-BE54-9A1E7A4F7556}") = "MediatorChatRoom", "MediatorChatRoom\MediatorChatRoom.csproj", "{86A8BD28-8AD7-4E63-BC7F-F21CA94E80B5}"
EndProject
Project("{9A19103F-16F7-4668-BE54-9A1E7A4F7556}") = "MediatorEventBroker", "MediatorEventBroker\MediatorEventBroker.csproj", "{0C64CE12-B403-4942-83C4-7975C46BB480}"
EndProject
Project("{FAE04EC0-301F-11D3-BF4B-00C04F79EFBC}") = "MediatrDemo", "MediatrDemo\MediatrDemo.csproj", "{94155F5D-13E2-4825-BF0A-4E33E192041B}"
EndProject
Global
	GlobalSection(SolutionConfigurationPlatforms) = preSolution
		Debug|Any CPU = Debug|Any CPU
		Release|Any CPU = Release|Any CPU
	EndGlobalSection
	GlobalSection(ProjectConfigurationPlatforms) = postSolution
		{86A8BD28-8AD7-4E63-BC7F-F21CA94E80B5}.Debug|Any CPU.ActiveCfg = Debug|Any CPU
		{86A8BD28-8AD7-4E63-BC7F-F21CA94E80B5}.Debug|Any CPU.Build.0 = Debug|Any CPU
		{86A8BD28-8AD7-4E63-BC7F-F21CA94E80B5}.Release|Any CPU.ActiveCfg = Release|Any CPU
		{86A8BD28-8AD7-4E63-BC7F-F21CA94E80B5}.Release|Any CPU.Build.0 = Release|Any CPU
		{0C64CE12-B403-4942-83C4-7975C46BB480}.Debug|Any CPU.ActiveCfg = Debug|Any CPU
		{0C64CE12-B403-4942-83C4-7975C46BB480}.Debug|Any CPU.Build.0 = Debug|Any CPU
		{0C64CE12-B403-4942-83C4-7975C46BB480}.Release|Any CPU.ActiveCfg = Release|Any CPU
		{0C64CE12-B403-4942-83C4-7975C46BB480}.Release|Any CPU.Build.0 = Release|Any CPU
		{94155F5D-13E2-4825-BF0A-4E33E192041B}.Debug|Any CPU.ActiveCfg = Debug|Any CPU
		{94155F5D-13E2-4825-BF0A-4E33E192041B}.Debug|Any CPU.Build.0 = Debug|Any CPU
		{94155F5D-13E2-4825-BF0A-4E33E192041B}.Release|Any CPU.ActiveCfg = Release|Any CPU
		{94155F5D-13E2-4825-BF0A-4E33E192041B}.Release|Any CPU.Build.0 = Release|Any CPU
	EndGlobalSection
	GlobalSection(SolutionProperties) = preSolution
		HideSolutionNode = FALSE
	EndGlobalSection
	GlobalSection(ExtensibilityGlobals) = postSolution
		SolutionGuid = {87FB9EE7-2D38-46A8-8E80-4CD8127EBD48}
	EndGlobalSection
EndGlobal
